
Microsoft Visual Studio Solution File, Format Version 12.00
# Visual Studio Version 16
VisualStudioVersion = 16.0.34407.143
MinimumVisualStudioVersion = 10.0.40219.1
Project("{FAE04EC0-301F-11D3-BF4B-00C04F79EFBC}") = "TN BookStore", "TN BookStore\TN BookStore.csproj", "{AC2392F6-1511-4BB0-90D2-965AB01D6845}"
EndProject
Project("{FAE04EC0-301F-11D3-BF4B-00C04F79EFBC}") = "BookStoreDataAccessLayer", "BookStoreDataAccessLayer\BookStoreDataAccessLayer.csproj", "{52DB2990-CBA5-4B41-826B-EF4A4B10D15D}"
EndProject
Global
	GlobalSection(SolutionConfigurationPlatforms) = preSolution
		Debug|Any CPU = Debug|Any CPU
		Release|Any CPU = Release|Any CPU
	EndGlobalSection
	GlobalSection(ProjectConfigurationPlatforms) = postSolution
		{AC2392F6-1511-4BB0-90D2-965AB01D6845}.Debug|Any CPU.ActiveCfg = Debug|Any CPU
		{AC2392F6-1511-4BB0-90D2-965AB01D6845}.Debug|Any CPU.Build.0 = Debug|Any CPU
		{AC2392F6-1511-4BB0-90D2-965AB01D6845}.Release|Any CPU.ActiveCfg = Release|Any CPU
		{AC2392F6-1511-4BB0-90D2-965AB01D6845}.Release|Any CPU.Build.0 = Release|Any CPU
		{52DB2990-CBA5-4B41-826B-EF4A4B10D15D}.Debug|Any CPU.ActiveCfg = Debug|Any CPU
		{52DB2990-CBA5-4B41-826B-EF4A4B10D15D}.Debug|Any CPU.Build.0 = Debug|Any CPU
		{52DB2990-CBA5-4B41-826B-EF4A4B10D15D}.Release|Any CPU.ActiveCfg = Release|Any CPU
		{52DB2990-CBA5-4B41-826B-EF4A4B10D15D}.Release|Any CPU.Build.0 = Release|Any CPU
	EndGlobalSection
	GlobalSection(SolutionProperties) = preSolution
		HideSolutionNode = FALSE
	EndGlobalSection
	GlobalSection(ExtensibilityGlobals) = postSolution
		SolutionGuid = {042964AA-DEE1-4F51-B48C-132DAC51F44F}
	EndGlobalSection
EndGlobal
